
Microsoft Visual Studio Solution File, Format Version 12.00
# Visual Studio Version 16
VisualStudioVersion = 16.0.30204.135
MinimumVisualStudioVersion = 10.0.40219.1
Project("{FAE04EC0-301F-11D3-BF4B-00C04F79EFBC}") = "sample_3_8", "sample_3_8\sample_3_8.csproj", "{458E9020-71BB-4A0D-9F39-8BAD90731B91}"
EndProject
Global
	GlobalSection(SolutionConfigurationPlatforms) = preSolution
		Debug|Any CPU = Debug|Any CPU
		Release|Any CPU = Release|Any CPU
	EndGlobalSection
	GlobalSection(ProjectConfigurationPlatforms) = postSolution
		{458E9020-71BB-4A0D-9F39-8BAD90731B91}.Debug|Any CPU.ActiveCfg = Debug|Any CPU
		{458E9020-71BB-4A0D-9F39-8BAD90731B91}.Debug|Any CPU.Build.0 = Debug|Any CPU
		{458E9020-71BB-4A0D-9F39-8BAD90731B91}.Release|Any CPU.ActiveCfg = Release|Any CPU
		{458E9020-71BB-4A0D-9F39-8BAD90731B91}.Release|Any CPU.Build.0 = Release|Any CPU
	EndGlobalSection
	GlobalSection(SolutionProperties) = preSolution
		HideSolutionNode = FALSE
	EndGlobalSection
	GlobalSection(ExtensibilityGlobals) = postSolution
		SolutionGuid = {26A9C503-D5C1-4438-9842-7226C3764A87}
	EndGlobalSection
EndGlobal
